{
  "object": {
    "pins": [
      {
        "package": "HTMLString",
        "repositoryURL": "https://github.com/alexaubry/HTMLString.git",
        "state": {
          "branch": null,
          "revision": "373048cc4084dd7481c86e3bee41612eff93b14d",
          "version": "5.0.0"
        }
      }
    ]
  },
  "version": 1
}
